Microsoft Visual Studio Solution File, Format Version 12.00
# Visual Studio Version 17
VisualStudioVersion = 17.4.33122.133
MinimumVisualStudioVersion = 10.0.40219.1
Project("{9A19103F-16F7-4668-BE54-9A1E7A4F7556}") = "AgilogDll", "..\..\..\Dll\Src\AgilogDll\AgilogDll.csproj", "{190C9D9A-C6DB-4C43-9918-979EAD43DD52}"
EndProject
Project("{9A19103F-16F7-4668-BE54-9A1E7A4F7556}") = "TrafficMgr", "TrafficMgr\TrafficMgr.csproj", "{9A0508D1-3311-4AED-AF75-2B7315C77DA5}"
EndProject
Project("{9A19103F-16F7-4668-BE54-9A1E7A4F7556}") = "PackDataViewer", "PackDataViewer\PackDataViewer.csproj", "{6876375A-EB28-4482-A294-9D9C66C8219D}"
EndProject
Project("{9A19103F-16F7-4668-BE54-9A1E7A4F7556}") = "OrdersMgr", "OrdersMgr\OrdersMgr.csproj", "{69F44A75-22F9-459F-91C2-B218A264D59E}"
EndProject
Project("{9A19103F-16F7-4668-BE54-9A1E7A4F7556}") = "WhsMgr", "WhsMgr\WhsMgr.csproj", "{D0932646-9682-44D5-87BF-C262BFBB157D}"
EndProject
Project("{9A19103F-16F7-4668-BE54-9A1E7A4F7556}") = "WhsViewer", "WhsViewer\WhsViewer.csproj", "{D3DC3F25-CB7A-489B-AE97-985012A243B7}"
EndProject
Project("{9A19103F-16F7-4668-BE54-9A1E7A4F7556}") = "EntranceMgr", "EntranceMgr\EntranceMgr.csproj", "{66D1B462-B462-4EBC-82CF-4EF8ABAD639C}"
EndProject
Project("{9A19103F-16F7-4668-BE54-9A1E7A4F7556}") = "MissionViewer", "MissionViewer\MissionViewer.csproj", "{0D1A8205-9046-4E0D-9523-5CE975D13C8E}"
EndProject
Project("{9A19103F-16F7-4668-BE54-9A1E7A4F7556}") = "AgilogWebServiceSoap", "AgilogWebServiceSoap\AgilogWebServiceSoap.csproj", "{45EC39B1-2642-4FF4-BBC9-E80AE70362EA}"
EndProject
Project("{9A19103F-16F7-4668-BE54-9A1E7A4F7556}") = "ToyotaClientWebServiceSoapMgr", "ToyotaClientWebServiceSoapMgr\ToyotaClientWebServiceSoapMgr.csproj", "{E8B977A9-5DF4-4C1B-BD18-0EE3910AC839}"
EndProject
Project("{9A19103F-16F7-4668-BE54-9A1E7A4F7556}") = "ExitMgr", "ExitMgr\ExitMgr.csproj", "{34858144-F288-40BA-8C7E-76BF634DC660}"
EndProject
Project("{9A19103F-16F7-4668-BE54-9A1E7A4F7556}") = "WasteMgr", "WasteMgr\WasteMgr.csproj", "{2F36044E-C679-45B0-9BEC-17161A3EB4DF}"
EndProject
Project("{9A19103F-16F7-4668-BE54-9A1E7A4F7556}") = "AgvMgr", "AgvMgr\AgvMgr.csproj", "{8D0DF428-D818-4EA7-8798-E89775667E74}"
EndProject
Project("{9A19103F-16F7-4668-BE54-9A1E7A4F7556}") = "MovitransMgr", "MovitransMgr\MovitransMgr.csproj", "{93EF4620-73CD-421E-A71F-80D7B0CCEDA4}"
EndProject
Project("{9A19103F-16F7-4668-BE54-9A1E7A4F7556}") = "SimulaRV", "SimulaRV\SimulaRV.csproj", "{F454D385-DB2D-409A-9556-278368F3443B}"
EndProject
Project("{9A19103F-16F7-4668-BE54-9A1E7A4F7556}") = "PickMgr", "PickMgr\PickMgr.csproj", "{F612F038-3A85-4224-ACC3-5C5CE5F9FD80}"
EndProject
Project("{FAE04EC0-301F-11D3-BF4B-00C04F79EFBC}") = "TestProject1", "Test\TestProject1\TestProject1.csproj", "{06D2330F-0E3E-478B-8EE8-9E44D5079868}"
EndProject
Global
	GlobalSection(SolutionConfigurationPlatforms) = preSolution
		Debug|Any CPU = Debug|Any CPU
		Debug|ARM = Debug|ARM
		Debug|x64 = Debug|x64
		Debug|x86 = Debug|x86
		Release|Any CPU = Release|Any CPU
		Release|ARM = Release|ARM
		Release|x64 = Release|x64
		Release|x86 = Release|x86
	EndGlobalSection
	GlobalSection(ProjectConfigurationPlatforms) = postSolution
		{190C9D9A-C6DB-4C43-9918-979EAD43DD52}.Debug|Any CPU.ActiveCfg = Debug|Any CPU
		{190C9D9A-C6DB-4C43-9918-979EAD43DD52}.Debug|Any CPU.Build.0 = Debug|Any CPU
		{190C9D9A-C6DB-4C43-9918-979EAD43DD52}.Debug|ARM.ActiveCfg = Debug|Any CPU
		{190C9D9A-C6DB-4C43-9918-979EAD43DD52}.Debug|ARM.Build.0 = Debug|Any CPU
		{190C9D9A-C6DB-4C43-9918-979EAD43DD52}.Debug|x64.ActiveCfg = Debug|Any CPU
		{190C9D9A-C6DB-4C43-9918-979EAD43DD52}.Debug|x64.Build.0 = Debug|Any CPU
		{190C9D9A-C6DB-4C43-9918-979EAD43DD52}.Debug|x86.ActiveCfg = Debug|Any CPU
		{190C9D9A-C6DB-4C43-9918-979EAD43DD52}.Debug|x86.Build.0 = Debug|Any CPU
		{190C9D9A-C6DB-4C43-9918-979EAD43DD52}.Release|Any CPU.ActiveCfg = Release|Any CPU
		{190C9D9A-C6DB-4C43-9918-979EAD43DD52}.Release|Any CPU.Build.0 = Release|Any CPU
		{190C9D9A-C6DB-4C43-9918-979EAD43DD52}.Release|ARM.ActiveCfg = Release|Any CPU
		{190C9D9A-C6DB-4C43-9918-979EAD43DD52}.Release|ARM.Build.0 = Release|Any CPU
		{190C9D9A-C6DB-4C43-9918-979EAD43DD52}.Release|x64.ActiveCfg = Release|Any CPU
		{190C9D9A-C6DB-4C43-9918-979EAD43DD52}.Release|x64.Build.0 = Release|Any CPU
		{190C9D9A-C6DB-4C43-9918-979EAD43DD52}.Release|x86.ActiveCfg = Release|Any CPU
		{190C9D9A-C6DB-4C43-9918-979EAD43DD52}.Release|x86.Build.0 = Release|Any CPU
		{9A0508D1-3311-4AED-AF75-2B7315C77DA5}.Debug|Any CPU.ActiveCfg = Debug|Any CPU
		{9A0508D1-3311-4AED-AF75-2B7315C77DA5}.Debug|Any CPU.Build.0 = Debug|Any CPU
		{9A0508D1-3311-4AED-AF75-2B7315C77DA5}.Debug|ARM.ActiveCfg = Debug|Any CPU
		{9A0508D1-3311-4AED-AF75-2B7315C77DA5}.Debug|ARM.Build.0 = Debug|Any CPU
		{9A0508D1-3311-4AED-AF75-2B7315C77DA5}.Debug|x64.ActiveCfg = Debug|Any CPU
		{9A0508D1-3311-4AED-AF75-2B7315C77DA5}.Debug|x64.Build.0 = Debug|Any CPU
		{9A0508D1-3311-4AED-AF75-2B7315C77DA5}.Debug|x86.ActiveCfg = Debug|Any CPU
		{9A0508D1-3311-4AED-AF75-2B7315C77DA5}.Debug|x86.Build.0 = Debug|Any CPU
		{9A0508D1-3311-4AED-AF75-2B7315C77DA5}.Release|Any CPU.ActiveCfg = Debug|Any CPU
		{9A0508D1-3311-4AED-AF75-2B7315C77DA5}.Release|Any CPU.Build.0 = Debug|Any CPU
		{9A0508D1-3311-4AED-AF75-2B7315C77DA5}.Release|ARM.ActiveCfg = Release|Any CPU
		{9A0508D1-3311-4AED-AF75-2B7315C77DA5}.Release|ARM.Build.0 = Release|Any CPU
		{9A0508D1-3311-4AED-AF75-2B7315C77DA5}.Release|x64.ActiveCfg = Release|Any CPU
		{9A0508D1-3311-4AED-AF75-2B7315C77DA5}.Release|x64.Build.0 = Release|Any CPU
		{9A0508D1-3311-4AED-AF75-2B7315C77DA5}.Release|x86.ActiveCfg = Release|Any CPU
		{9A0508D1-3311-4AED-AF75-2B7315C77DA5}.Release|x86.Build.0 = Release|Any CPU
		{6876375A-EB28-4482-A294-9D9C66C8219D}.Debug|Any CPU.ActiveCfg = Debug|Any CPU
		{6876375A-EB28-4482-A294-9D9C66C8219D}.Debug|Any CPU.Build.0 = Debug|Any CPU
		{6876375A-EB28-4482-A294-9D9C66C8219D}.Debug|ARM.ActiveCfg = Debug|Any CPU
		{6876375A-EB28-4482-A294-9D9C66C8219D}.Debug|ARM.Build.0 = Debug|Any CPU
		{6876375A-EB28-4482-A294-9D9C66C8219D}.Debug|x64.ActiveCfg = Debug|Any CPU
		{6876375A-EB28-4482-A294-9D9C66C8219D}.Debug|x64.Build.0 = Debug|Any CPU
		{6876375A-EB28-4482-A294-9D9C66C8219D}.Debug|x86.ActiveCfg = Debug|Any CPU
		{6876375A-EB28-4482-A294-9D9C66C8219D}.Debug|x86.Build.0 = Debug|Any CPU
		{6876375A-EB28-4482-A294-9D9C66C8219D}.Release|Any CPU.ActiveCfg = Release|Any CPU
		{6876375A-EB28-4482-A294-9D9C66C8219D}.Release|Any CPU.Build.0 = Release|Any CPU
		{6876375A-EB28-4482-A294-9D9C66C8219D}.Release|ARM.ActiveCfg = Release|Any CPU
		{6876375A-EB28-4482-A294-9D9C66C8219D}.Release|ARM.Build.0 = Release|Any CPU
		{6876375A-EB28-4482-A294-9D9C66C8219D}.Release|x64.ActiveCfg = Release|Any CPU
		{6876375A-EB28-4482-A294-9D9C66C8219D}.Release|x64.Build.0 = Release|Any CPU
		{6876375A-EB28-4482-A294-9D9C66C8219D}.Release|x86.ActiveCfg = Release|Any CPU
		{6876375A-EB28-4482-A294-9D9C66C8219D}.Release|x86.Build.0 = Release|Any CPU
		{69F44A75-22F9-459F-91C2-B218A264D59E}.Debug|Any CPU.ActiveCfg = Debug|Any CPU
		{69F44A75-22F9-459F-91C2-B218A264D59E}.Debug|Any CPU.Build.0 = Debug|Any CPU
		{69F44A75-22F9-459F-91C2-B218A264D59E}.Debug|ARM.ActiveCfg = Debug|Any CPU
		{69F44A75-22F9-459F-91C2-B218A264D59E}.Debug|ARM.Build.0 = Debug|Any CPU
		{69F44A75-22F9-459F-91C2-B218A264D59E}.Debug|x64.ActiveCfg = Debug|Any CPU
		{69F44A75-22F9-459F-91C2-B218A264D59E}.Debug|x64.Build.0 = Debug|Any CPU
		{69F44A75-22F9-459F-91C2-B218A264D59E}.Debug|x86.ActiveCfg = Debug|Any CPU
		{69F44A75-22F9-459F-91C2-B218A264D59E}.Debug|x86.Build.0 = Debug|Any CPU
		{69F44A75-22F9-459F-91C2-B218A264D59E}.Release|Any CPU.ActiveCfg = Release|Any CPU
		{69F44A75-22F9-459F-91C2-B218A264D59E}.Release|Any CPU.Build.0 = Release|Any CPU
		{69F44A75-22F9-459F-91C2-B218A264D59E}.Release|ARM.ActiveCfg = Release|Any CPU
		{69F44A75-22F9-459F-91C2-B218A264D59E}.Release|ARM.Build.0 = Release|Any CPU
		{69F44A75-22F9-459F-91C2-B218A264D59E}.Release|x64.ActiveCfg = Release|Any CPU
		{69F44A75-22F9-459F-91C2-B218A264D59E}.Release|x64.Build.0 = Release|Any CPU
		{69F44A75-22F9-459F-91C2-B218A264D59E}.Release|x86.ActiveCfg = Release|Any CPU
		{69F44A75-22F9-459F-91C2-B218A264D59E}.Release|x86.Build.0 = Release|Any CPU
		{D0932646-9682-44D5-87BF-C262BFBB157D}.Debug|Any CPU.ActiveCfg = Debug|Any CPU
		{D0932646-9682-44D5-87BF-C262BFBB157D}.Debug|Any CPU.Build.0 = Debug|Any CPU
		{D0932646-9682-44D5-87BF-C262BFBB157D}.Debug|ARM.ActiveCfg = Debug|Any CPU
		{D0932646-9682-44D5-87BF-C262BFBB157D}.Debug|ARM.Build.0 = Debug|Any CPU
		{D0932646-9682-44D5-87BF-C262BFBB157D}.Debug|x64.ActiveCfg = Debug|Any CPU
		{D0932646-9682-44D5-87BF-C262BFBB157D}.Debug|x64.Build.0 = Debug|Any CPU
		{D0932646-9682-44D5-87BF-C262BFBB157D}.Debug|x86.ActiveCfg = Debug|Any CPU
		{D0932646-9682-44D5-87BF-C262BFBB157D}.Debug|x86.Build.0 = Debug|Any CPU
		{D0932646-9682-44D5-87BF-C262BFBB157D}.Release|Any CPU.ActiveCfg = Release|Any CPU
		{D0932646-9682-44D5-87BF-C262BFBB157D}.Release|Any CPU.Build.0 = Release|Any CPU
		{D0932646-9682-44D5-87BF-C262BFBB157D}.Release|ARM.ActiveCfg = Release|Any CPU
		{D0932646-9682-44D5-87BF-C262BFBB157D}.Release|ARM.Build.0 = Release|Any CPU
		{D0932646-9682-44D5-87BF-C262BFBB157D}.Release|x64.ActiveCfg = Release|Any CPU
		{D0932646-9682-44D5-87BF-C262BFBB157D}.Release|x64.Build.0 = Release|Any CPU
		{D0932646-9682-44D5-87BF-C262BFBB157D}.Release|x86.ActiveCfg = Release|Any CPU
		{D0932646-9682-44D5-87BF-C262BFBB157D}.Release|x86.Build.0 = Release|Any CPU
		{D3DC3F25-CB7A-489B-AE97-985012A243B7}.Debug|Any CPU.ActiveCfg = Debug|Any CPU
		{D3DC3F25-CB7A-489B-AE97-985012A243B7}.Debug|Any CPU.Build.0 = Debug|Any CPU
		{D3DC3F25-CB7A-489B-AE97-985012A243B7}.Debug|ARM.ActiveCfg = Debug|Any CPU
		{D3DC3F25-CB7A-489B-AE97-985012A243B7}.Debug|ARM.Build.0 = Debug|Any CPU
		{D3DC3F25-CB7A-489B-AE97-985012A243B7}.Debug|x64.ActiveCfg = Debug|Any CPU
		{D3DC3F25-CB7A-489B-AE97-985012A243B7}.Debug|x64.Build.0 = Debug|Any CPU
		{D3DC3F25-CB7A-489B-AE97-985012A243B7}.Debug|x86.ActiveCfg = Debug|Any CPU
		{D3DC3F25-CB7A-489B-AE97-985012A243B7}.Debug|x86.Build.0 = Debug|Any CPU
		{D3DC3F25-CB7A-489B-AE97-985012A243B7}.Release|Any CPU.ActiveCfg = Release|Any CPU
		{D3DC3F25-CB7A-489B-AE97-985012A243B7}.Release|Any CPU.Build.0 = Release|Any CPU
		{D3DC3F25-CB7A-489B-AE97-985012A243B7}.Release|ARM.ActiveCfg = Release|Any CPU
		{D3DC3F25-CB7A-489B-AE97-985012A243B7}.Release|ARM.Build.0 = Release|Any CPU
		{D3DC3F25-CB7A-489B-AE97-985012A243B7}.Release|x64.ActiveCfg = Release|Any CPU
		{D3DC3F25-CB7A-489B-AE97-985012A243B7}.Release|x64.Build.0 = Release|Any CPU
		{D3DC3F25-CB7A-489B-AE97-985012A243B7}.Release|x86.ActiveCfg = Release|Any CPU
		{D3DC3F25-CB7A-489B-AE97-985012A243B7}.Release|x86.Build.0 = Release|Any CPU
		{66D1B462-B462-4EBC-82CF-4EF8ABAD639C}.Debug|Any CPU.ActiveCfg = Debug|Any CPU
		{66D1B462-B462-4EBC-82CF-4EF8ABAD639C}.Debug|Any CPU.Build.0 = Debug|Any CPU
		{66D1B462-B462-4EBC-82CF-4EF8ABAD639C}.Debug|ARM.ActiveCfg = Debug|Any CPU
		{66D1B462-B462-4EBC-82CF-4EF8ABAD639C}.Debug|ARM.Build.0 = Debug|Any CPU
		{66D1B462-B462-4EBC-82CF-4EF8ABAD639C}.Debug|x64.ActiveCfg = Debug|Any CPU
		{66D1B462-B462-4EBC-82CF-4EF8ABAD639C}.Debug|x64.Build.0 = Debug|Any CPU
		{66D1B462-B462-4EBC-82CF-4EF8ABAD639C}.Debug|x86.ActiveCfg = Debug|Any CPU
		{66D1B462-B462-4EBC-82CF-4EF8ABAD639C}.Debug|x86.Build.0 = Debug|Any CPU
		{66D1B462-B462-4EBC-82CF-4EF8ABAD639C}.Release|Any CPU.ActiveCfg = Release|Any CPU
		{66D1B462-B462-4EBC-82CF-4EF8ABAD639C}.Release|Any CPU.Build.0 = Release|Any CPU
		{66D1B462-B462-4EBC-82CF-4EF8ABAD639C}.Release|ARM.ActiveCfg = Release|Any CPU
		{66D1B462-B462-4EBC-82CF-4EF8ABAD639C}.Release|ARM.Build.0 = Release|Any CPU
		{66D1B462-B462-4EBC-82CF-4EF8ABAD639C}.Release|x64.ActiveCfg = Release|Any CPU
		{66D1B462-B462-4EBC-82CF-4EF8ABAD639C}.Release|x64.Build.0 = Release|Any CPU
		{66D1B462-B462-4EBC-82CF-4EF8ABAD639C}.Release|x86.ActiveCfg = Release|Any CPU
		{66D1B462-B462-4EBC-82CF-4EF8ABAD639C}.Release|x86.Build.0 = Release|Any CPU
		{0D1A8205-9046-4E0D-9523-5CE975D13C8E}.Debug|Any CPU.ActiveCfg = Debug|Any CPU
		{0D1A8205-9046-4E0D-9523-5CE975D13C8E}.Debug|Any CPU.Build.0 = Debug|Any CPU
		{0D1A8205-9046-4E0D-9523-5CE975D13C8E}.Debug|ARM.ActiveCfg = Debug|Any CPU
		{0D1A8205-9046-4E0D-9523-5CE975D13C8E}.Debug|ARM.Build.0 = Debug|Any CPU
		{0D1A8205-9046-4E0D-9523-5CE975D13C8E}.Debug|x64.ActiveCfg = Debug|Any CPU
		{0D1A8205-9046-4E0D-9523-5CE975D13C8E}.Debug|x64.Build.0 = Debug|Any CPU
		{0D1A8205-9046-4E0D-9523-5CE975D13C8E}.Debug|x86.ActiveCfg = Debug|Any CPU
		{0D1A8205-9046-4E0D-9523-5CE975D13C8E}.Debug|x86.Build.0 = Debug|Any CPU
		{0D1A8205-9046-4E0D-9523-5CE975D13C8E}.Release|Any CPU.ActiveCfg = Release|Any CPU
		{0D1A8205-9046-4E0D-9523-5CE975D13C8E}.Release|Any CPU.Build.0 = Release|Any CPU
		{0D1A8205-9046-4E0D-9523-5CE975D13C8E}.Release|ARM.ActiveCfg = Release|Any CPU
		{0D1A8205-9046-4E0D-9523-5CE975D13C8E}.Release|ARM.Build.0 = Release|Any CPU
		{0D1A8205-9046-4E0D-9523-5CE975D13C8E}.Release|x64.ActiveCfg = Release|Any CPU
		{0D1A8205-9046-4E0D-9523-5CE975D13C8E}.Release|x64.Build.0 = Release|Any CPU
		{0D1A8205-9046-4E0D-9523-5CE975D13C8E}.Release|x86.ActiveCfg = Release|Any CPU
		{0D1A8205-9046-4E0D-9523-5CE975D13C8E}.Release|x86.Build.0 = Release|Any CPU
		{45EC39B1-2642-4FF4-BBC9-E80AE70362EA}.Debug|Any CPU.ActiveCfg = Debug|Any CPU
		{45EC39B1-2642-4FF4-BBC9-E80AE70362EA}.Debug|Any CPU.Build.0 = Debug|Any CPU
		{45EC39B1-2642-4FF4-BBC9-E80AE70362EA}.Debug|ARM.ActiveCfg = Debug|Any CPU
		{45EC39B1-2642-4FF4-BBC9-E80AE70362EA}.Debug|ARM.Build.0 = Debug|Any CPU
		{45EC39B1-2642-4FF4-BBC9-E80AE70362EA}.Debug|x64.ActiveCfg = Debug|Any CPU
		{45EC39B1-2642-4FF4-BBC9-E80AE70362EA}.Debug|x64.Build.0 = Debug|Any CPU
		{45EC39B1-2642-4FF4-BBC9-E80AE70362EA}.Debug|x86.ActiveCfg = Debug|Any CPU
		{45EC39B1-2642-4FF4-BBC9-E80AE70362EA}.Debug|x86.Build.0 = Debug|Any CPU
		{45EC39B1-2642-4FF4-BBC9-E80AE70362EA}.Release|Any CPU.ActiveCfg = Release|Any CPU
		{45EC39B1-2642-4FF4-BBC9-E80AE70362EA}.Release|Any CPU.Build.0 = Release|Any CPU
		{45EC39B1-2642-4FF4-BBC9-E80AE70362EA}.Release|ARM.ActiveCfg = Release|Any CPU
		{45EC39B1-2642-4FF4-BBC9-E80AE70362EA}.Release|ARM.Build.0 = Release|Any CPU
		{45EC39B1-2642-4FF4-BBC9-E80AE70362EA}.Release|x64.ActiveCfg = Release|Any CPU
		{45EC39B1-2642-4FF4-BBC9-E80AE70362EA}.Release|x64.Build.0 = Release|Any CPU
		{45EC39B1-2642-4FF4-BBC9-E80AE70362EA}.Release|x86.ActiveCfg = Release|Any CPU
		{45EC39B1-2642-4FF4-BBC9-E80AE70362EA}.Release|x86.Build.0 = Release|Any CPU
		{E8B977A9-5DF4-4C1B-BD18-0EE3910AC839}.Debug|Any CPU.ActiveCfg = Debug|Any CPU
		{E8B977A9-5DF4-4C1B-BD18-0EE3910AC839}.Debug|Any CPU.Build.0 = Debug|Any CPU
		{E8B977A9-5DF4-4C1B-BD18-0EE3910AC839}.Debug|ARM.ActiveCfg = Debug|Any CPU
		{E8B977A9-5DF4-4C1B-BD18-0EE3910AC839}.Debug|ARM.Build.0 = Debug|Any CPU
		{E8B977A9-5DF4-4C1B-BD18-0EE3910AC839}.Debug|x64.ActiveCfg = Debug|Any CPU
		{E8B977A9-5DF4-4C1B-BD18-0EE3910AC839}.Debug|x64.Build.0 = Debug|Any CPU
		{E8B977A9-5DF4-4C1B-BD18-0EE3910AC839}.Debug|x86.ActiveCfg = Debug|Any CPU
		{E8B977A9-5DF4-4C1B-BD18-0EE3910AC839}.Debug|x86.Build.0 = Debug|Any CPU
		{E8B977A9-5DF4-4C1B-BD18-0EE3910AC839}.Release|Any CPU.ActiveCfg = Release|Any CPU
		{E8B977A9-5DF4-4C1B-BD18-0EE3910AC839}.Release|Any CPU.Build.0 = Release|Any CPU
		{E8B977A9-5DF4-4C1B-BD18-0EE3910AC839}.Release|ARM.ActiveCfg = Release|Any CPU
		{E8B977A9-5DF4-4C1B-BD18-0EE3910AC839}.Release|ARM.Build.0 = Release|Any CPU
		{E8B977A9-5DF4-4C1B-BD18-0EE3910AC839}.Release|x64.ActiveCfg = Release|Any CPU
		{E8B977A9-5DF4-4C1B-BD18-0EE3910AC839}.Release|x64.Build.0 = Release|Any CPU
		{E8B977A9-5DF4-4C1B-BD18-0EE3910AC839}.Release|x86.ActiveCfg = Release|Any CPU
		{E8B977A9-5DF4-4C1B-BD18-0EE3910AC839}.Release|x86.Build.0 = Release|Any CPU
		{34858144-F288-40BA-8C7E-76BF634DC660}.Debug|Any CPU.ActiveCfg = Debug|Any CPU
		{34858144-F288-40BA-8C7E-76BF634DC660}.Debug|Any CPU.Build.0 = Debug|Any CPU
		{34858144-F288-40BA-8C7E-76BF634DC660}.Debug|ARM.ActiveCfg = Debug|Any CPU
		{34858144-F288-40BA-8C7E-76BF634DC660}.Debug|ARM.Build.0 = Debug|Any CPU
		{34858144-F288-40BA-8C7E-76BF634DC660}.Debug|x64.ActiveCfg = Debug|Any CPU
		{34858144-F288-40BA-8C7E-76BF634DC660}.Debug|x64.Build.0 = Debug|Any CPU
		{34858144-F288-40BA-8C7E-76BF634DC660}.Debug|x86.ActiveCfg = Debug|Any CPU
		{34858144-F288-40BA-8C7E-76BF634DC660}.Debug|x86.Build.0 = Debug|Any CPU
		{34858144-F288-40BA-8C7E-76BF634DC660}.Release|Any CPU.ActiveCfg = Release|Any CPU
		{34858144-F288-40BA-8C7E-76BF634DC660}.Release|Any CPU.Build.0 = Release|Any CPU
		{34858144-F288-40BA-8C7E-76BF634DC660}.Release|ARM.ActiveCfg = Release|Any CPU
		{34858144-F288-40BA-8C7E-76BF634DC660}.Release|ARM.Build.0 = Release|Any CPU
		{34858144-F288-40BA-8C7E-76BF634DC660}.Release|x64.ActiveCfg = Release|Any CPU
		{34858144-F288-40BA-8C7E-76BF634DC660}.Release|x64.Build.0 = Release|Any CPU
		{34858144-F288-40BA-8C7E-76BF634DC660}.Release|x86.ActiveCfg = Release|Any CPU
		{34858144-F288-40BA-8C7E-76BF634DC660}.Release|x86.Build.0 = Release|Any CPU
		{2F36044E-C679-45B0-9BEC-17161A3EB4DF}.Debug|Any CPU.ActiveCfg = Debug|Any CPU
		{2F36044E-C679-45B0-9BEC-17161A3EB4DF}.Debug|Any CPU.Build.0 = Debug|Any CPU
		{2F36044E-C679-45B0-9BEC-17161A3EB4DF}.Debug|ARM.ActiveCfg = Debug|Any CPU
		{2F36044E-C679-45B0-9BEC-17161A3EB4DF}.Debug|ARM.Build.0 = Debug|Any CPU
		{2F36044E-C679-45B0-9BEC-17161A3EB4DF}.Debug|x64.ActiveCfg = Debug|Any CPU
		{2F36044E-C679-45B0-9BEC-17161A3EB4DF}.Debug|x64.Build.0 = Debug|Any CPU
		{2F36044E-C679-45B0-9BEC-17161A3EB4DF}.Debug|x86.ActiveCfg = Debug|Any CPU
		{2F36044E-C679-45B0-9BEC-17161A3EB4DF}.Debug|x86.Build.0 = Debug|Any CPU
		{2F36044E-C679-45B0-9BEC-17161A3EB4DF}.Release|Any CPU.ActiveCfg = Release|Any CPU
		{2F36044E-C679-45B0-9BEC-17161A3EB4DF}.Release|Any CPU.Build.0 = Release|Any CPU
		{2F36044E-C679-45B0-9BEC-17161A3EB4DF}.Release|ARM.ActiveCfg = Release|Any CPU
		{2F36044E-C679-45B0-9BEC-17161A3EB4DF}.Release|ARM.Build.0 = Release|Any CPU
		{2F36044E-C679-45B0-9BEC-17161A3EB4DF}.Release|x64.ActiveCfg = Release|Any CPU
		{2F36044E-C679-45B0-9BEC-17161A3EB4DF}.Release|x64.Build.0 = Release|Any CPU
		{2F36044E-C679-45B0-9BEC-17161A3EB4DF}.Release|x86.ActiveCfg = Release|Any CPU
		{2F36044E-C679-45B0-9BEC-17161A3EB4DF}.Release|x86.Build.0 = Release|Any CPU
		{8D0DF428-D818-4EA7-8798-E89775667E74}.Debug|Any CPU.ActiveCfg = Debug|Any CPU
		{8D0DF428-D818-4EA7-8798-E89775667E74}.Debug|Any CPU.Build.0 = Debug|Any CPU
		{8D0DF428-D818-4EA7-8798-E89775667E74}.Debug|ARM.ActiveCfg = Debug|Any CPU
		{8D0DF428-D818-4EA7-8798-E89775667E74}.Debug|ARM.Build.0 = Debug|Any CPU
		{8D0DF428-D818-4EA7-8798-E89775667E74}.Debug|x64.ActiveCfg = Debug|Any CPU
		{8D0DF428-D818-4EA7-8798-E89775667E74}.Debug|x64.Build.0 = Debug|Any CPU
		{8D0DF428-D818-4EA7-8798-E89775667E74}.Debug|x86.ActiveCfg = Debug|Any CPU
		{8D0DF428-D818-4EA7-8798-E89775667E74}.Debug|x86.Build.0 = Debug|Any CPU
		{8D0DF428-D818-4EA7-8798-E89775667E74}.Release|Any CPU.ActiveCfg = Release|Any CPU
		{8D0DF428-D818-4EA7-8798-E89775667E74}.Release|Any CPU.Build.0 = Release|Any CPU
		{8D0DF428-D818-4EA7-8798-E89775667E74}.Release|ARM.ActiveCfg = Release|Any CPU
		{8D0DF428-D818-4EA7-8798-E89775667E74}.Release|ARM.Build.0 = Release|Any CPU
		{8D0DF428-D818-4EA7-8798-E89775667E74}.Release|x64.ActiveCfg = Release|Any CPU
		{8D0DF428-D818-4EA7-8798-E89775667E74}.Release|x64.Build.0 = Release|Any CPU
		{8D0DF428-D818-4EA7-8798-E89775667E74}.Release|x86.ActiveCfg = Release|Any CPU
		{8D0DF428-D818-4EA7-8798-E89775667E74}.Release|x86.Build.0 = Release|Any CPU
		{93EF4620-73CD-421E-A71F-80D7B0CCEDA4}.Debug|Any CPU.ActiveCfg = Debug|Any CPU
		{93EF4620-73CD-421E-A71F-80D7B0CCEDA4}.Debug|Any CPU.Build.0 = Debug|Any CPU
		{93EF4620-73CD-421E-A71F-80D7B0CCEDA4}.Debug|ARM.ActiveCfg = Debug|Any CPU
		{93EF4620-73CD-421E-A71F-80D7B0CCEDA4}.Debug|ARM.Build.0 = Debug|Any CPU
		{93EF4620-73CD-421E-A71F-80D7B0CCEDA4}.Debug|x64.ActiveCfg = Debug|Any CPU
		{93EF4620-73CD-421E-A71F-80D7B0CCEDA4}.Debug|x64.Build.0 = Debug|Any CPU
		{93EF4620-73CD-421E-A71F-80D7B0CCEDA4}.Debug|x86.ActiveCfg = Debug|Any CPU
		{93EF4620-73CD-421E-A71F-80D7B0CCEDA4}.Debug|x86.Build.0 = Debug|Any CPU
		{93EF4620-73CD-421E-A71F-80D7B0CCEDA4}.Release|Any CPU.ActiveCfg = Release|Any CPU
		{93EF4620-73CD-421E-A71F-80D7B0CCEDA4}.Release|Any CPU.Build.0 = Release|Any CPU
		{93EF4620-73CD-421E-A71F-80D7B0CCEDA4}.Release|ARM.ActiveCfg = Release|Any CPU
		{93EF4620-73CD-421E-A71F-80D7B0CCEDA4}.Release|ARM.Build.0 = Release|Any CPU
		{93EF4620-73CD-421E-A71F-80D7B0CCEDA4}.Release|x64.ActiveCfg = Release|Any CPU
		{93EF4620-73CD-421E-A71F-80D7B0CCEDA4}.Release|x64.Build.0 = Release|Any CPU
		{93EF4620-73CD-421E-A71F-80D7B0CCEDA4}.Release|x86.ActiveCfg = Release|Any CPU
		{93EF4620-73CD-421E-A71F-80D7B0CCEDA4}.Release|x86.Build.0 = Release|Any CPU
		{F454D385-DB2D-409A-9556-278368F3443B}.Debug|Any CPU.ActiveCfg = Debug|Any CPU
		{F454D385-DB2D-409A-9556-278368F3443B}.Debug|Any CPU.Build.0 = Debug|Any CPU
		{F454D385-DB2D-409A-9556-278368F3443B}.Debug|ARM.ActiveCfg = Debug|Any CPU
		{F454D385-DB2D-409A-9556-278368F3443B}.Debug|ARM.Build.0 = Debug|Any CPU
		{F454D385-DB2D-409A-9556-278368F3443B}.Debug|x64.ActiveCfg = Debug|Any CPU
		{F454D385-DB2D-409A-9556-278368F3443B}.Debug|x64.Build.0 = Debug|Any CPU
		{F454D385-DB2D-409A-9556-278368F3443B}.Debug|x86.ActiveCfg = Debug|Any CPU
		{F454D385-DB2D-409A-9556-278368F3443B}.Debug|x86.Build.0 = Debug|Any CPU
		{F454D385-DB2D-409A-9556-278368F3443B}.Release|Any CPU.ActiveCfg = Release|Any CPU
		{F454D385-DB2D-409A-9556-278368F3443B}.Release|Any CPU.Build.0 = Release|Any CPU
		{F454D385-DB2D-409A-9556-278368F3443B}.Release|ARM.ActiveCfg = Release|Any CPU
		{F454D385-DB2D-409A-9556-278368F3443B}.Release|ARM.Build.0 = Release|Any CPU
		{F454D385-DB2D-409A-9556-278368F3443B}.Release|x64.ActiveCfg = Release|Any CPU
		{F454D385-DB2D-409A-9556-278368F3443B}.Release|x64.Build.0 = Release|Any CPU
		{F454D385-DB2D-409A-9556-278368F3443B}.Release|x86.ActiveCfg = Release|Any CPU
		{F454D385-DB2D-409A-9556-278368F3443B}.Release|x86.Build.0 = Release|Any CPU
		{F612F038-3A85-4224-ACC3-5C5CE5F9FD80}.Debug|Any CPU.ActiveCfg = Debug|Any CPU
		{F612F038-3A85-4224-ACC3-5C5CE5F9FD80}.Debug|Any CPU.Build.0 = Debug|Any CPU
		{F612F038-3A85-4224-ACC3-5C5CE5F9FD80}.Debug|ARM.ActiveCfg = Debug|Any CPU
		{F612F038-3A85-4224-ACC3-5C5CE5F9FD80}.Debug|ARM.Build.0 = Debug|Any CPU
		{F612F038-3A85-4224-ACC3-5C5CE5F9FD80}.Debug|x64.ActiveCfg = Debug|Any CPU
		{F612F038-3A85-4224-ACC3-5C5CE5F9FD80}.Debug|x64.Build.0 = Debug|Any CPU
		{F612F038-3A85-4224-ACC3-5C5CE5F9FD80}.Debug|x86.ActiveCfg = Debug|Any CPU
		{F612F038-3A85-4224-ACC3-5C5CE5F9FD80}.Debug|x86.Build.0 = Debug|Any CPU
		{F612F038-3A85-4224-ACC3-5C5CE5F9FD80}.Release|Any CPU.ActiveCfg = Release|Any CPU
		{F612F038-3A85-4224-ACC3-5C5CE5F9FD80}.Release|Any CPU.Build.0 = Release|Any CPU
		{F612F038-3A85-4224-ACC3-5C5CE5F9FD80}.Release|ARM.ActiveCfg = Release|Any CPU
		{F612F038-3A85-4224-ACC3-5C5CE5F9FD80}.Release|ARM.Build.0 = Release|Any CPU
		{F612F038-3A85-4224-ACC3-5C5CE5F9FD80}.Release|x64.ActiveCfg = Release|Any CPU
		{F612F038-3A85-4224-ACC3-5C5CE5F9FD80}.Release|x64.Build.0 = Release|Any CPU
		{F612F038-3A85-4224-ACC3-5C5CE5F9FD80}.Release|x86.ActiveCfg = Release|Any CPU
		{F612F038-3A85-4224-ACC3-5C5CE5F9FD80}.Release|x86.Build.0 = Release|Any CPU
		{06D2330F-0E3E-478B-8EE8-9E44D5079868}.Debug|Any CPU.ActiveCfg = Debug|Any CPU
		{06D2330F-0E3E-478B-8EE8-9E44D5079868}.Debug|Any CPU.Build.0 = Debug|Any CPU
		{06D2330F-0E3E-478B-8EE8-9E44D5079868}.Debug|ARM.ActiveCfg = Debug|Any CPU
		{06D2330F-0E3E-478B-8EE8-9E44D5079868}.Debug|ARM.Build.0 = Debug|Any CPU
		{06D2330F-0E3E-478B-8EE8-9E44D5079868}.Debug|x64.ActiveCfg = Debug|Any CPU
		{06D2330F-0E3E-478B-8EE8-9E44D5079868}.Debug|x64.Build.0 = Debug|Any CPU
		{06D2330F-0E3E-478B-8EE8-9E44D5079868}.Debug|x86.ActiveCfg = Debug|Any CPU
		{06D2330F-0E3E-478B-8EE8-9E44D5079868}.Debug|x86.Build.0 = Debug|Any CPU
		{06D2330F-0E3E-478B-8EE8-9E44D5079868}.Release|Any CPU.ActiveCfg = Release|Any CPU
		{06D2330F-0E3E-478B-8EE8-9E44D5079868}.Release|Any CPU.Build.0 = Release|Any CPU
		{06D2330F-0E3E-478B-8EE8-9E44D5079868}.Release|ARM.ActiveCfg = Release|Any CPU
		{06D2330F-0E3E-478B-8EE8-9E44D5079868}.Release|ARM.Build.0 = Release|Any CPU
		{06D2330F-0E3E-478B-8EE8-9E44D5079868}.Release|x64.ActiveCfg = Release|Any CPU
		{06D2330F-0E3E-478B-8EE8-9E44D5079868}.Release|x64.Build.0 = Release|Any CPU
		{06D2330F-0E3E-478B-8EE8-9E44D5079868}.Release|x86.ActiveCfg = Release|Any CPU
		{06D2330F-0E3E-478B-8EE8-9E44D5079868}.Release|x86.Build.0 = Release|Any CPU
	EndGlobalSection
	GlobalSection(SolutionProperties) = preSolution
		HideSolutionNode = FALSE
	EndGlobalSection
	GlobalSection(ExtensibilityGlobals) = postSolution
		SolutionGuid = {01075808-5449-4698-B2C4-4609B27EA1CC}
	EndGlobalSection
EndGlobal
